
Microsoft Visual Studio Solution File, Format Version 12.00
# Visual Studio Version 17
VisualStudioVersion = 17.10.34916.146
MinimumVisualStudioVersion = 10.0.40219.1
Project("{9A19103F-16F7-4668-BE54-9A1E7A4F7556}") = "WebSearchMovies.Server", "WebSearchMovies.Server\WebSearchMovies.Server.csproj", "{D43E2554-1980-4611-9A45-49FD2464EF02}"
EndProject
Project("{54A90642-561A-4BB1-A94E-469ADEE60C69}") = "websearchmovies.client", "websearchmovies.client\websearchmovies.client.esproj", "{26BBE537-40D7-41B3-843D-093C100C59CB}"
EndProject
Global
	GlobalSection(SolutionConfigurationPlatforms) = preSolution
		Debug|Any CPU = Debug|Any CPU
		Release|Any CPU = Release|Any CPU
	EndGlobalSection
	GlobalSection(ProjectConfigurationPlatforms) = postSolution
		{D43E2554-1980-4611-9A45-49FD2464EF02}.Debug|Any CPU.ActiveCfg = Debug|Any CPU
		{D43E2554-1980-4611-9A45-49FD2464EF02}.Debug|Any CPU.Build.0 = Debug|Any CPU
		{D43E2554-1980-4611-9A45-49FD2464EF02}.Release|Any CPU.ActiveCfg = Release|Any CPU
		{D43E2554-1980-4611-9A45-49FD2464EF02}.Release|Any CPU.Build.0 = Release|Any CPU
		{26BBE537-40D7-41B3-843D-093C100C59CB}.Debug|Any CPU.ActiveCfg = Debug|Any CPU
		{26BBE537-40D7-41B3-843D-093C100C59CB}.Debug|Any CPU.Build.0 = Debug|Any CPU
		{26BBE537-40D7-41B3-843D-093C100C59CB}.Debug|Any CPU.Deploy.0 = Debug|Any CPU
		{26BBE537-40D7-41B3-843D-093C100C59CB}.Release|Any CPU.ActiveCfg = Release|Any CPU
		{26BBE537-40D7-41B3-843D-093C100C59CB}.Release|Any CPU.Build.0 = Release|Any CPU
		{26BBE537-40D7-41B3-843D-093C100C59CB}.Release|Any CPU.Deploy.0 = Release|Any CPU
	EndGlobalSection
	GlobalSection(SolutionProperties) = preSolution
		HideSolutionNode = FALSE
	EndGlobalSection
	GlobalSection(ExtensibilityGlobals) = postSolution
		SolutionGuid = {53DAE774-F433-4C6A-B9BE-BBF08D06C289}
	EndGlobalSection
EndGlobal
